
Microsoft Visual Studio Solution File, Format Version 12.00
# Visual Studio Version 17
VisualStudioVersion = 17.11.35327.3
MinimumVisualStudioVersion = 10.0.40219.1
Project("{FAE04EC0-301F-11D3-BF4B-00C04F79EFBC}") = "Web_ThietBiGiaoDuc", "Web_ThietBiGiaoDuc\Web_ThietBiGiaoDuc.csproj", "{5BCD7E37-A1E3-4D09-AB44-4F4AE43A5725}"
EndProject
Global
	GlobalSection(SolutionConfigurationPlatforms) = preSolution
		Debug|Any CPU = Debug|Any CPU
		Release|Any CPU = Release|Any CPU
	EndGlobalSection
	GlobalSection(ProjectConfigurationPlatforms) = postSolution
		{5BCD7E37-A1E3-4D09-AB44-4F4AE43A5725}.Debug|Any CPU.ActiveCfg = Debug|Any CPU
		{5BCD7E37-A1E3-4D09-AB44-4F4AE43A5725}.Debug|Any CPU.Build.0 = Debug|Any CPU
		{5BCD7E37-A1E3-4D09-AB44-4F4AE43A5725}.Release|Any CPU.ActiveCfg = Release|Any CPU
		{5BCD7E37-A1E3-4D09-AB44-4F4AE43A5725}.Release|Any CPU.Build.0 = Release|Any CPU
	EndGlobalSection
	GlobalSection(SolutionProperties) = preSolution
		HideSolutionNode = FALSE
	EndGlobalSection
	GlobalSection(ExtensibilityGlobals) = postSolution
		SolutionGuid = {3B72C9A1-03C2-469C-A501-91AA06BA6655}
	EndGlobalSection
EndGlobal
